{
  "name": "mobile_game",
  "version": "1.0.0",
  "lockfileVersion": 1,
  "requires": true,
  "dependencies": {
    "phaser": {
      "version": "2.6.2",
      "resolved": "https://registry.npmjs.org/phaser/-/phaser-2.6.2.tgz",
      "integrity": "sha1-6zkSFyWiFJxJ9GtdFEMYwivAkkk="
    },
    "phaser-ce": {
      "version": "2.9.4",
      "resolved": "https://registry.npmjs.org/phaser-ce/-/phaser-ce-2.9.4.tgz",
      "integrity": "sha1-Bs+fhbfc0gonQjeEayt8hGHdwcQ=",
      "dev": true
    },
    "typescript": {
      "version": "2.6.2",
      "resolved": "https://registry.npmjs.org/typescript/-/typescript-2.6.2.tgz",
      "integrity": "sha1-PFtv1/beCRQmkCfwPAlGdY92c6Q=",
      "dev": true
    }
  }
}
